[[package]]
name = "asgiref"
version = "3.2.10"
description = "ASGI specs, helper code, and adapters"
category = "main"
optional = false
python-versions = ">=3.5"

[package.extras]
tests = ["pytest", "pytest-asyncio"]

[[package]]
name = "black"
version = "22.10.0"
description = "The uncompromising code formatter."
category = "dev"
optional = false
python-versions = ">=3.7"

[package.dependencies]
click = ">=8.0.0"
mypy-extensions = ">=0.4.3"
pathspec = ">=0.9.0"
platformdirs = ">=2"
tomli = {version = ">=1.1.0", markers = "python_full_version < \"3.11.0a7\""}
typing-extensions = {version = ">=3.10.0.0", markers = "python_version < \"3.10\""}

[package.extras]
colorama = ["colorama (>=0.4.3)"]
d = ["aiohttp (>=3.7.4)"]
jupyter = ["ipython (>=7.8.0)", "tokenize-rt (>=3.2.0)"]
uvloop = ["uvloop (>=0.15.2)"]

[[package]]
name = "click"
version = "8.1.3"
description = "Composable command line interface toolkit"
category = "dev"
optional = false
python-versions = ">=3.7"

[package.dependencies]
colorama = {version = "*", markers = "platform_system == \"Windows\""}

[[package]]
name = "colorama"
version = "0.4.6"
description = "Cross-platform colored terminal text."
category = "dev"
optional = false
python-versions = "!=3.0.*,!=3.1.*,!=3.2.*,!=3.3.*,!=3.4.*,!=3.5.*,!=3.6.*,>=2.7"

[[package]]
name = "django"
version = "3.1.1"
description = "A high-level Python Web framework that encourages rapid development and clean, pragmatic design."
category = "main"
optional = false
python-versions = ">=3.6"

[package.dependencies]
asgiref = ">=3.2.10,<3.3.0"
pytz = "*"
sqlparse = ">=0.2.2"

[package.extras]
argon2 = ["argon2-cffi (>=16.1.0)"]
bcrypt = ["bcrypt"]

[[package]]
name = "django-crispy-forms"
version = "1.10.0"
description = "Best way to have Django DRY forms"
category = "main"
optional = false
python-versions = ">=3.5"

[[package]]
name = "mypy-extensions"
version = "0.4.3"
description = "Experimental type system extensions for programs checked with the mypy typechecker."
category = "dev"
optional = false
python-versions = "*"

[[package]]
name = "pathspec"
version = "0.10.2"
description = "Utility library for gitignore style pattern matching of file paths."
category = "dev"
optional = false
python-versions = ">=3.7"

[[package]]
name = "pillow"
version = "8.1.0"
description = "Python Imaging Library (Fork)"
category = "main"
optional = false
python-versions = ">=3.6"

[[package]]
name = "platformdirs"
version = "2.5.4"
description = "A small Python package for determining appropriate platform-specific dirs, e.g. a \"user data dir\"."
category = "dev"
optional = false
python-versions = ">=3.7"

[package.extras]
docs = ["furo (>=2022.9.29)", "proselint (>=0.13)", "sphinx (>=5.3)", "sphinx-autodoc-typehints (>=1.19.4)"]
test = ["appdirs (==1.4.4)", "pytest (>=7.2)", "pytest-cov (>=4)", "pytest-mock (>=3.10)"]

[[package]]
name = "pytz"
version = "2021.1"
description = "World timezone definitions, modern and historical"
category = "main"
optional = false
python-versions = "*"

[[package]]
name = "reportlab"
version = "3.5.59"
description = "The Reportlab Toolkit"
category = "main"
optional = false
python-versions = "*"

[package.dependencies]
pillow = ">=4.0.0"

[[package]]
name = "sqlparse"
version = "0.4.1"
description = "A non-validating SQL parser."
category = "main"
optional = false
python-versions = ">=3.5"

[[package]]
name = "tomli"
version = "2.0.1"
description = "A lil' TOML parser"
category = "dev"
optional = false
python-versions = ">=3.7"

[[package]]
name = "typing-extensions"
version = "4.4.0"
description = "Backported and Experimental Type Hints for Python 3.7+"
category = "dev"
optional = false
python-versions = ">=3.7"

[metadata]
lock-version = "1.1"
python-versions = "^3.9.2"
content-hash = "ea8bb129e8b5418dd88240ba038a22fb8c4ce5b7002b3be54ea3f84e1cdfbb69"

[metadata.files]
asgiref = [
    {file = "asgiref-3.2.10-py3-none-any.whl", hash = "sha256:9fc6fb5d39b8af147ba40765234fa822b39818b12cc80b35ad9b0cef3a476aed"},
    {file = "asgiref-3.2.10.tar.gz", hash = "sha256:7e51911ee147dd685c3c8b805c0ad0cb58d360987b56953878f8c06d2d1c6f1a"},
]
black = [
    {file = "black-22.10.0-1fixedarch-cp310-cp310-macosx_11_0_x86_64.whl", hash = "sha256:5cc42ca67989e9c3cf859e84c2bf014f6633db63d1cbdf8fdb666dcd9e77e3fa"},
    {file = "black-22.10.0-1fixedarch-cp311-cp311-macosx_11_0_x86_64.whl", hash = "sha256:5d8f74030e67087b219b032aa33a919fae8806d49c867846bfacde57f43972ef"},
    {file = "black-22.10.0-1fixedarch-cp37-cp37m-macosx_10_16_x86_64.whl", hash = "sha256:197df8509263b0b8614e1df1756b1dd41be6738eed2ba9e9769f3880c2b9d7b6"},
    {file = "black-22.10.0-1fixedarch-cp38-cp38-macosx_10_16_x86_64.whl", hash = "sha256:2644b5d63633702bc2c5f3754b1b475378fbbfb481f62319388235d0cd104c2d"},
    {file = "black-22.10.0-1fixedarch-cp39-cp39-macosx_11_0_x86_64.whl", hash = "sha256:e41a86c6c650bcecc6633ee3180d80a025db041a8e2398dcc059b3afa8382cd4"},
    {file = "black-22.10.0-cp310-cp310-macosx_11_0_arm64.whl", hash = "sha256:2039230db3c6c639bd84efe3292ec7b06e9214a2992cd9beb293d639c6402edb"},
    {file = "black-22.10.0-cp310-cp310-manylinux_2_17_x86_64.manylinux2014_x86_64.whl", hash = "sha256:14ff67aec0a47c424bc99b71005202045dc09270da44a27848d534600ac64fc7"},
    {file = "black-22.10.0-cp310-cp310-win_amd64.whl", hash = "sha256:819dc789f4498ecc91438a7de64427c73b45035e2e3680c92e18795a839ebb66"},
    {file = "black-22.10.0-cp311-cp311-macosx_11_0_arm64.whl", hash = "sha256:5b9b29da4f564ba8787c119f37d174f2b69cdfdf9015b7d8c5c16121ddc054ae"},
    {file = "black-22.10.0-cp311-cp311-manylinux_2_17_x86_64.manylinux2014_x86_64.whl", hash = "sha256:b8b49776299fece66bffaafe357d929ca9451450f5466e997a7285ab0fe28e3b"},
    {file = "black-22.10.0-cp311-cp311-win_amd64.whl", hash = "sha256:21199526696b8f09c3997e2b4db8d0b108d801a348414264d2eb8eb2532e540d"},
    {file = "black-22.10.0-cp37-cp37m-manylinux_2_17_x86_64.manylinux2014_x86_64.whl", hash = "sha256:1e464456d24e23d11fced2bc8c47ef66d471f845c7b7a42f3bd77bf3d1789650"},
    {file = "black-22.10.0-cp37-cp37m-win_amd64.whl", hash = "sha256:9311e99228ae10023300ecac05be5a296f60d2fd10fff31cf5c1fa4ca4b1988d"},
    {file = "black-22.10.0-cp38-cp38-macosx_11_0_arm64.whl", hash = "sha256:fba8a281e570adafb79f7755ac8721b6cf1bbf691186a287e990c7929c7692ff"},
    {file = "black-22.10.0-cp38-cp38-manylinux_2_17_x86_64.manylinux2014_x86_64.whl", hash = "sha256:915ace4ff03fdfff953962fa672d44be269deb2eaf88499a0f8805221bc68c87"},
    {file = "black-22.10.0-cp38-cp38-win_amd64.whl", hash = "sha256:444ebfb4e441254e87bad00c661fe32df9969b2bf224373a448d8aca2132b395"},
    {file = "black-22.10.0-cp39-cp39-macosx_11_0_arm64.whl", hash = "sha256:974308c58d057a651d182208a484ce80a26dac0caef2895836a92dd6ebd725e0"},
    {file = "black-22.10.0-cp39-cp39-manylinux_2_17_x86_64.manylinux2014_x86_64.whl", hash = "sha256:72ef3925f30e12a184889aac03d77d031056860ccae8a1e519f6cbb742736383"},
    {file = "black-22.10.0-cp39-cp39-win_amd64.whl", hash = "sha256:432247333090c8c5366e69627ccb363bc58514ae3e63f7fc75c54b1ea80fa7de"},
    {file = "black-22.10.0-py3-none-any.whl", hash = "sha256:c957b2b4ea88587b46cf49d1dc17681c1e672864fd7af32fc1e9664d572b3458"},
    {file = "black-22.10.0.tar.gz", hash = "sha256:f513588da599943e0cde4e32cc9879e825d58720d6557062d1098c5ad80080e1"},
]
click = [
    {file = "click-8.1.3-py3-none-any.whl", hash = "sha256:bb4d8133cb15a609f44e8213d9b391b0809795062913b383c62be0ee95b1db48"},
    {file = "click-8.1.3.tar.gz", hash = "sha256:7682dc8afb30297001674575ea00d1814d808d6a36af415a82bd481d37ba7b8e"},
]
colorama = [
    {file = "colorama-0.4.6-py2.py3-none-any.whl", hash = "sha256:4f1d9991f5acc0ca119f9d443620b77f9d6b33703e51011c16baf57afb285fc6"},
    {file = "colorama-0.4.6.tar.gz", hash = "sha256:08695f5cb7ed6e0531a20572697297273c47b8cae5a63ffc6d6ed5c201be6e44"},
]
django = [
    {file = "Django-3.1.1-py3-none-any.whl", hash = "sha256:b5fbb818e751f660fa2d576d9f40c34a4c615c8b48dd383f5216e609f383371f"},
    {file = "Django-3.1.1.tar.gz", hash = "sha256:59c8125ca873ed3bdae9c12b146fbbd6ed8d0f743e4cf5f5817af50c51f1fc2f"},
]
django-crispy-forms = [
    {file = "django-crispy-forms-1.10.0.tar.gz", hash = "sha256:d3f808d20cafe20fd38a49a47e72db1fd519fcf31bef4f47f008619336a3ebff"},
    {file = "django_crispy_forms-1.10.0-py3-none-any.whl", hash = "sha256:92ed3fdc52c08d21d60adbb9de24e432c590e66e894f43cee0974fc959209976"},
]
mypy-extensions = [
    {file = "mypy_extensions-0.4.3-py2.py3-none-any.whl", hash = "sha256:090fedd75945a69ae91ce1303b5824f428daf5a028d2f6ab8a299250a846f15d"},
    {file = "mypy_extensions-0.4.3.tar.gz", hash = "sha256:2d82818f5bb3e369420cb3c4060a7970edba416647068eb4c5343488a6c604a8"},
]
pathspec = [
    {file = "pathspec-0.10.2-py3-none-any.whl", hash = "sha256:88c2606f2c1e818b978540f73ecc908e13999c6c3a383daf3705652ae79807a5"},
    {file = "pathspec-0.10.2.tar.gz", hash = "sha256:8f6bf73e5758fd365ef5d58ce09ac7c27d2833a8d7da51712eac6e27e35141b0"},
]
pillow = [
    {file = "Pillow-8.1.0-cp36-cp36m-macosx_10_10_x86_64.whl", hash = "sha256:d355502dce85ade85a2511b40b4c61a128902f246504f7de29bbeec1ae27933a"},
    {file = "Pillow-8.1.0-cp36-cp36m-manylinux1_i686.whl", hash = "sha256:93a473b53cc6e0b3ce6bf51b1b95b7b1e7e6084be3a07e40f79b42e83503fbf2"},
    {file = "Pillow-8.1.0-cp36-cp36m-manylinux1_x86_64.whl", hash = "sha256:2353834b2c49b95e1313fb34edf18fca4d57446675d05298bb694bca4b194174"},
    {file = "Pillow-8.1.0-cp36-cp36m-manylinux2014_aarch64.whl", hash = "sha256:1d208e670abfeb41b6143537a681299ef86e92d2a3dac299d3cd6830d5c7bded"},
    {file = "Pillow-8.1.0-cp36-cp36m-win32.whl", hash = "sha256:dd9eef866c70d2cbbea1ae58134eaffda0d4bfea403025f4db6859724b18ab3d"},
    {file = "Pillow-8.1.0-cp36-cp36m-win_amd64.whl", hash = "sha256:b09e10ec453de97f9a23a5aa5e30b334195e8d2ddd1ce76cc32e52ba63c8b31d"},
    {file = "Pillow-8.1.0-cp37-cp37m-macosx_10_10_x86_64.whl", hash = "sha256:b02a0b9f332086657852b1f7cb380f6a42403a6d9c42a4c34a561aa4530d5234"},
    {file = "Pillow-8.1.0-cp37-cp37m-manylinux1_i686.whl", hash = "sha256:ca20739e303254287138234485579b28cb0d524401f83d5129b5ff9d606cb0a8"},
    {file = "Pillow-8.1.0-cp37-cp37m-manylinux1_x86_64.whl", hash = "sha256:604815c55fd92e735f9738f65dabf4edc3e79f88541c221d292faec1904a4b17"},
    {file = "Pillow-8.1.0-cp37-cp37m-manylinux2014_aarch64.whl", hash = "sha256:cf6e33d92b1526190a1de904df21663c46a456758c0424e4f947ae9aa6088bf7"},
    {file = "Pillow-8.1.0-cp37-cp37m-win32.whl", hash = "sha256:47c0d93ee9c8b181f353dbead6530b26980fe4f5485aa18be8f1fd3c3cbc685e"},
    {file = "Pillow-8.1.0-cp37-cp37m-win_amd64.whl", hash = "sha256:96d4dc103d1a0fa6d47c6c55a47de5f5dafd5ef0114fa10c85a1fd8e0216284b"},
    {file = "Pillow-8.1.0-cp38-cp38-macosx_10_10_x86_64.whl", hash = "sha256:7916cbc94f1c6b1301ac04510d0881b9e9feb20ae34094d3615a8a7c3db0dcc0"},
    {file = "Pillow-8.1.0-cp38-cp38-manylinux1_i686.whl", hash = "sha256:3de6b2ee4f78c6b3d89d184ade5d8fa68af0848f9b6b6da2b9ab7943ec46971a"},
    {file = "Pillow-8.1.0-cp38-cp38-manylinux1_x86_64.whl", hash = "sha256:cdbbe7dff4a677fb555a54f9bc0450f2a21a93c5ba2b44e09e54fcb72d2bd13d"},
    {file = "Pillow-8.1.0-cp38-cp38-manylinux2014_aarch64.whl", hash = "sha256:f50e7a98b0453f39000619d845be8b06e611e56ee6e8186f7f60c3b1e2f0feae"},
    {file = "Pillow-8.1.0-cp38-cp38-win32.whl", hash = "sha256:cb192176b477d49b0a327b2a5a4979552b7a58cd42037034316b8018ac3ebb59"},
    {file = "Pillow-8.1.0-cp38-cp38-win_amd64.whl", hash = "sha256:6c5275bd82711cd3dcd0af8ce0bb99113ae8911fc2952805f1d012de7d600a4c"},
    {file = "Pillow-8.1.0-cp39-cp39-macosx_10_10_x86_64.whl", hash = "sha256:165c88bc9d8dba670110c689e3cc5c71dbe4bfb984ffa7cbebf1fac9554071d6"},
    {file = "Pillow-8.1.0-cp39-cp39-manylinux1_i686.whl", hash = "sha256:5e2fe3bb2363b862671eba632537cd3a823847db4d98be95690b7e382f3d6378"},
    {file = "Pillow-8.1.0-cp39-cp39-manylinux1_x86_64.whl", hash = "sha256:7612520e5e1a371d77e1d1ca3a3ee6227eef00d0a9cddb4ef7ecb0b7396eddf7"},
    {file = "Pillow-8.1.0-cp39-cp39-manylinux2014_aarch64.whl", hash = "sha256:d673c4990acd016229a5c1c4ee8a9e6d8f481b27ade5fc3d95938697fa443ce0"},
    {file = "Pillow-8.1.0-cp39-cp39-win32.whl", hash = "sha256:dc577f4cfdda354db3ae37a572428a90ffdbe4e51eda7849bf442fb803f09c9b"},
    {file = "Pillow-8.1.0-cp39-cp39-win_amd64.whl", hash = "sha256:22d070ca2e60c99929ef274cfced04294d2368193e935c5d6febfd8b601bf865"},
    {file = "Pillow-8.1.0-pp36-pypy36_pp73-macosx_10_10_x86_64.whl", hash = "sha256:a3d3e086474ef12ef13d42e5f9b7bbf09d39cf6bd4940f982263d6954b13f6a9"},
    {file = "Pillow-8.1.0-pp36-pypy36_pp73-manylinux2010_i686.whl", hash = "sha256:731ca5aabe9085160cf68b2dbef95fc1991015bc0a3a6ea46a371ab88f3d0913"},
    {file = "Pillow-8.1.0-pp36-pypy36_pp73-manylinux2010_x86_64.whl", hash = "sha256:bba80df38cfc17f490ec651c73bb37cd896bc2400cfba27d078c2135223c1206"},
    {file = "Pillow-8.1.0-pp37-pypy37_pp73-macosx_10_10_x86_64.whl", hash = "sha256:c3d911614b008e8a576b8e5303e3db29224b455d3d66d1b2848ba6ca83f9ece9"},
    {file = "Pillow-8.1.0-pp37-pypy37_pp73-manylinux2010_i686.whl", hash = "sha256:39725acf2d2e9c17356e6835dccebe7a697db55f25a09207e38b835d5e1bc032"},
    {file = "Pillow-8.1.0-pp37-pypy37_pp73-manylinux2010_x86_64.whl", hash = "sha256:81c3fa9a75d9f1afafdb916d5995633f319db09bd773cb56b8e39f1e98d90820"},
    {file = "Pillow-8.1.0-pp37-pypy37_pp73-win32.whl", hash = "sha256:b6f00ad5ebe846cc91763b1d0c6d30a8042e02b2316e27b05de04fa6ec831ec5"},
    {file = "Pillow-8.1.0.tar.gz", hash = "sha256:887668e792b7edbfb1d3c9d8b5d8c859269a0f0eba4dda562adb95500f60dbba"},
]
platformdirs = [
    {file = "platformdirs-2.5.4-py3-none-any.whl", hash = "sha256:af0276409f9a02373d540bf8480021a048711d572745aef4b7842dad245eba10"},
    {file = "platformdirs-2.5.4.tar.gz", hash = "sha256:1006647646d80f16130f052404c6b901e80ee4ed6bef6792e1f238a8969106f7"},
]
pytz = [
    {file = "pytz-2021.1-py2.py3-none-any.whl", hash = "sha256:eb10ce3e7736052ed3623d49975ce333bcd712c7bb19a58b9e2089d4057d0798"},
    {file = "pytz-2021.1.tar.gz", hash = "sha256:83a4a90894bf38e243cf052c8b58f381bfe9a7a483f6a9cab140bc7f702ac4da"},
]
reportlab = [
    {file = "reportlab-3.5.59-cp27-cp27m-macosx_10_10_x86_64.whl", hash = "sha256:1da3d7a35f918cee905facfa94bd00ae6091cadc06dca1b0b31b69ae02d41d1d"},
    {file = "reportlab-3.5.59-cp27-cp27m-manylinux1_i686.whl", hash = "sha256:792efba0c0c6e4ee94f6dc95f305451733ee9230a1c7d51cb8e5301a549e0dfb"},
    {file = "reportlab-3.5.59-cp27-cp27m-manylinux1_x86_64.whl", hash = "sha256:f3d4a1a273dc141e03b72a553c11bc14dd7a27ec7654a071edcf83eb04f004bc"},
    {file = "reportlab-3.5.59-cp27-cp27m-manylinux2010_i686.whl", hash = "sha256:e2b4e33fea2ce9d3a14ea39191b169e41eb2ac995274f54ac8fd27519974bce8"},
    {file = "reportlab-3.5.59-cp27-cp27m-manylinux2010_x86_64.whl", hash = "sha256:b1b20208ecdfffd7ca027955c4fe8972b28b30a4b3b80cf25099a08d3b20ed7c"},
    {file = "reportlab-3.5.59-cp27-cp27m-win32.whl", hash = "sha256:5ed00894e0f8281c0b7c0494b4d3067c641fd90c8e5cf933089ec4cc9a48e491"},
    {file = "reportlab-3.5.59-cp27-cp27m-win_amd64.whl", hash = "sha256:85650446538cd2f606ca234634142a7ccd74cb6db7cfec250f76a4242e0f2431"},
    {file = "reportlab-3.5.59-cp27-cp27mu-manylinux1_i686.whl", hash = "sha256:79d63ca40231ca3860859b39a92daa5219035ba9553da89a5e1b218550744121"},
    {file = "reportlab-3.5.59-cp27-cp27mu-manylinux1_x86_64.whl", hash = "sha256:a0c377bc45e73c3f15f55d7de69fab270d174749d5b454ab0de502b15430ec2a"},
    {file = "reportlab-3.5.59-cp27-cp27mu-manylinux2010_i686.whl", hash = "sha256:cfa854bea525f8c913cb77e2bda724d94b965a0eb3bcfc4a645a9baa29bb86e2"},
    {file = "reportlab-3.5.59-cp27-cp27mu-manylinux2010_x86_64.whl", hash = "sha256:3d7713dddaa8081ed709a1fa2456a43f6a74b0f07d605da8441fd53fef334f69"},
    {file = "reportlab-3.5.59-cp36-cp36m-macosx_10_10_x86_64.whl", hash = "sha256:ff547cf4c1de7e104cad1a378431ff81efcb03e90e40871ee686107da5b91442"},
    {file = "reportlab-3.5.59-cp36-cp36m-manylinux1_i686.whl", hash = "sha256:19353aead39fc115a4d6c598d6fb9fa26da7e69160a0443ebb49b02903e704e8"},
    {file = "reportlab-3.5.59-cp36-cp36m-manylinux1_x86_64.whl", hash = "sha256:6f3ad2b1afe99c436563cd436d8693d4a12e2c4bd45f70c7705759ff7837fe53"},
    {file = "reportlab-3.5.59-cp36-cp36m-manylinux2010_i686.whl", hash = "sha256:b26d6f416891cef93411d6d478a25db275766081a5fb66368248293ef459f3be"},
    {file = "reportlab-3.5.59-cp36-cp36m-manylinux2010_x86_64.whl", hash = "sha256:dd9687359e466086b9f6fe6d8069034017f8b6ca3080944fae5709767ca6814e"},
    {file = "reportlab-3.5.59-cp36-cp36m-win32.whl", hash = "sha256:b71faf3b6e4d7058e1af1b8afedaf39a962db4a219affc8177009d8244ec10d4"},
    {file = "reportlab-3.5.59-cp36-cp36m-win_amd64.whl", hash = "sha256:4ca5233a19a5ceca23546290f43addec2345789c7d65bb32f8b2668aa148351f"},
    {file = "reportlab-3.5.59-cp37-cp37m-macosx_10_10_x86_64.whl", hash = "sha256:9da445cb79e3f740756924c053edc952cde11a65ff5af8acfda3c0a1317136ef"},
    {file = "reportlab-3.5.59-cp37-cp37m-manylinux1_i686.whl", hash = "sha256:07bff6742fba612da8d1b1f783c436338c6fdc6962828159827d5ca7d2b67935"},
    {file = "reportlab-3.5.59-cp37-cp37m-manylinux1_x86_64.whl", hash = "sha256:52f8237654acbc78ea2fa6fb4a6a06e5b023b6da93f7889adfe2deba09473fad"},
    {file = "reportlab-3.5.59-cp37-cp37m-manylinux2010_i686.whl", hash = "sha256:739b743b7ca1ba4b4d64c321de6fccb49b562d0507ea06c817d9cc4faed5cd22"},
    {file = "reportlab-3.5.59-cp37-cp37m-manylinux2010_x86_64.whl", hash = "sha256:33f3cfdc492575f8af3225701301a7e62fc478358729820c9e0091aff5831378"},
    {file = "reportlab-3.5.59-cp37-cp37m-win32.whl", hash = "sha256:3e2b4d69763103b9dc9b54c0952dc3cee05cedd06e28c0987fad7f84705b12c0"},
    {file = "reportlab-3.5.59-cp37-cp37m-win_amd64.whl", hash = "sha256:18a876449c9000c391dd3415ebc8454cd7bb9e488977b894886a2d7d018f16cd"},
    {file = "reportlab-3.5.59-cp38-cp38-macosx_10_10_x86_64.whl", hash = "sha256:04a08d284da86882ec3a41a7c719833362ef891b09ee8e2fbb47cee352aa684a"},
    {file = "reportlab-3.5.59-cp38-cp38-manylinux1_i686.whl", hash = "sha256:83b28104edd58ad65748d2d0e60e0d97e3b91b3e90b4573ea6fe60de6811972c"},
    {file = "reportlab-3.5.59-cp38-cp38-manylinux1_x86_64.whl", hash = "sha256:9fabd5fbd24f5971085ffe53150d663f158f7d3050b25c95736e29ebf676d454"},
    {file = "reportlab-3.5.59-cp38-cp38-manylinux2010_i686.whl", hash = "sha256:b4ba4c30af7044ee987e61c88a5ffb76031ca0c53666bc85d823b7de55ddbc75"},
    {file = "reportlab-3.5.59-cp38-cp38-manylinux2010_x86_64.whl", hash = "sha256:a315edef5c5610b0c75790142f49487e89ea34397fc247ae8aa890fe6d6dd057"},
    {file = "reportlab-3.5.59-cp38-cp38-win32.whl", hash = "sha256:5214a289cf01ebbd65e49bae83709671dd9edb601891cf0ae8abf85f3c0b392f"},
    {file = "reportlab-3.5.59-cp38-cp38-win_amd64.whl", hash = "sha256:009fa61710647cdc62eb373345248d8ebb93583a058990f7c4f9be46d90aa5b1"},
    {file = "reportlab-3.5.59-cp39-cp39-macosx_10_10_x86_64.whl", hash = "sha256:09fb11ab1500e679fc1b01199d2fed24435499856e75043a9ac0d31dd48fd881"},
    {file = "reportlab-3.5.59-cp39-cp39-manylinux1_i686.whl", hash = "sha256:18eec161411026dde49767bee4e5e8eeb8014879554811a62581dc7433628d5b"},
    {file = "reportlab-3.5.59-cp39-cp39-manylinux1_x86_64.whl", hash = "sha256:a1d3f7022a920d4a5e165d264581f1862e1c1b877ceeabb96fe98cec98125ae5"},
    {file = "reportlab-3.5.59-cp39-cp39-manylinux2010_i686.whl", hash = "sha256:1b85c20e89c22ae902ca973df2afdd2d64d27dc4ffd2b29ebad8c805a213756b"},
    {file = "reportlab-3.5.59-cp39-cp39-manylinux2010_x86_64.whl", hash = "sha256:de0c675fc2998a7eaa929c356ba49c84f53a892e9ab25e8ee7d8ebbbdcb2ac16"},
    {file = "reportlab-3.5.59-cp39-cp39-win32.whl", hash = "sha256:3b0026c1129147befd4e5a8cf25da8dea1096fce371e7b2412e36d7254019c06"},
    {file = "reportlab-3.5.59-cp39-cp39-win_amd64.whl", hash = "sha256:6191961533d49c9d860964d42bada4d7ac3bb28502d984feb8034093f2012fa8"},
    {file = "reportlab-3.5.59.tar.gz", hash = "sha256:a755cca2dcf023130b03bb671670301a992157d5c3151d838c0b68ef89894536"},
]
sqlparse = [
    {file = "sqlparse-0.4.1-py3-none-any.whl", hash = "sha256:017cde379adbd6a1f15a61873f43e8274179378e95ef3fede90b5aa64d304ed0"},
    {file = "sqlparse-0.4.1.tar.gz", hash = "sha256:0f91fd2e829c44362cbcfab3e9ae12e22badaa8a29ad5ff599f9ec109f0454e8"},
]
tomli = [
    {file = "tomli-2.0.1-py3-none-any.whl", hash = "sha256:939de3e7a6161af0c887ef91b7d41a53e7c5a1ca976325f429cb46ea9bc30ecc"},
    {file = "tomli-2.0.1.tar.gz", hash = "sha256:de526c12914f0c550d15924c62d72abc48d6fe7364aa87328337a31007fe8a4f"},
]
typing-extensions = [
    {file = "typing_extensions-4.4.0-py3-none-any.whl", hash = "sha256:16fa4864408f655d35ec496218b85f79b3437c829e93320c7c9215ccfd92489e"},
    {file = "typing_extensions-4.4.0.tar.gz", hash = "sha256:1511434bb92bf8dd198c12b1cc812e800d4181cfcb867674e0f8279cc93087aa"},
]
